// !$*UTF8*$!
{
	archiveVersion = 1;
	classes = {
	};
	objectVersion = 77;
	objects = {

/* Begin PBXBuildFile section */
		226493B52F8D093900C13D12 /* WatchOSExample Watch App.app in Embed Watch Content */ = {isa = PBXBuildFile; fileRef = 226493B42F8D093900C13D12 /* WatchOSExample Watch App.app */; settings = {ATTRIBUTES = (RemoveHeadersOnCopy, ); }; };
		226493FE2F8D0A1900C13D12 /* DotLottie in Frameworks */ = {isa = PBXBuildFile; productRef = 226493FD2F8D0A1900C13D12 /* DotLottie */; };
		2264940C2F8D0B1100C13D12 /* idle.json in Resources */ = {isa = PBXBuildFile; fileRef = 2264940B2F8D0B1100C13D12 /* idle.json */; };
		2264940E2F8D0BD300C13D12 /* adding-guests.lottie in Resources */ = {isa = PBXBuildFile; fileRef = 2264940D2F8D0BD300C13D12 /* adding-guests.lottie */; };
		226494562F8D26F000C13D12 /* DotLottie in Frameworks */ = {isa = PBXBuildFile; productRef = 226494552F8D26F000C13D12 /* DotLottie */; };
		226494582F8D271B00C13D12 /* DotLottie in Frameworks */ = {isa = PBXBuildFile; productRef = 226494572F8D271B00C13D12 /* DotLottie */; };
		2264945C2F8D28FA00C13D12 /* star_rating.lottie in Resources */ = {isa = PBXBuildFile; fileRef = 2264945B2F8D28FA00C13D12 /* star_rating.lottie */; };
		2264945D2F8D28FA00C13D12 /* star_rating.lottie in Resources */ = {isa = PBXBuildFile; fileRef = 2264945B2F8D28FA00C13D12 /* star_rating.lottie */; };
		2282ABFD2F8E72C100631ABC /* workout.lottie in Resources */ = {isa = PBXBuildFile; fileRef = 2282ABFC2F8E72C100631ABC /* workout.lottie */; };
		2282AC032F8E789E00631ABC /* radial.lottie in Resources */ = {isa = PBXBuildFile; fileRef = 2282AC022F8E789E00631ABC /* radial.lottie */; };
/* End PBXBuildFile section */

/* Begin PBXContainerItemProxy section */
		226493B62F8D093900C13D12 /* PBXContainerItemProxy */ = {
			isa = PBXContainerItemProxy;
			containerPortal = 226493A82F8D093900C13D12 /* Project object */;
			proxyType = 1;
			remoteGlobalIDString = 226493B32F8D093900C13D12;
			remoteInfo = "WatchOSExample Watch App";
		};
		226493C42F8D093A00C13D12 /* PBXContainerItemProxy */ = {
			isa = PBXContainerItemProxy;
			containerPortal = 226493A82F8D093900C13D12 /* Project object */;
			proxyType = 1;
			remoteGlobalIDString = 226493B32F8D093900C13D12;
			remoteInfo = "WatchOSExample Watch App";
		};
		226493CE2F8D093A00C13D12 /* PBXContainerItemProxy */ = {
			isa = PBXContainerItemProxy;
			containerPortal = 226493A82F8D093900C13D12 /* Project object */;
			proxyType = 1;
			remoteGlobalIDString = 226493B32F8D093900C13D12;
			remoteInfo = "WatchOSExample Watch App";
		};
		2264943A2F8D26B500C13D12 /* PBXContainerItemProxy */ = {
			isa = PBXContainerItemProxy;
			containerPortal = 226493A82F8D093900C13D12 /* Project object */;
			proxyType = 1;
			remoteGlobalIDString = 2264942C2F8D26B400C13D12;
			remoteInfo = ExampleWatchOS;
		};
		226494442F8D26B500C13D12 /* PBXContainerItemProxy */ = {
			isa = PBXContainerItemProxy;
			containerPortal = 226493A82F8D093900C13D12 /* Project object */;
			proxyType = 1;
			remoteGlobalIDString = 2264942C2F8D26B400C13D12;
			remoteInfo = ExampleWatchOS;
		};
/* End PBXContainerItemProxy section */

/* Begin PBXCopyFilesBuildPhase section */
		226493DA2F8D093A00C13D12 /* Embed Watch Content */ = {
			isa = PBXCopyFilesBuildPhase;
			buildActionMask = 2147483647;
			dstPath = "$(CONTENTS_FOLDER_PATH)/Watch";
			dstSubfolderSpec = 16;
			files = (
				226493B52F8D093900C13D12 /* WatchOSExample Watch App.app in Embed Watch Content */,
			);
			name = "Embed Watch Content";
			runOnlyForDeploymentPostprocessing = 0;
		};
/* End PBXCopyFilesBuildPhase section */

/* Begin PBXFileReference section */
		226493AE2F8D093900C13D12 /* WatchOSExample.app */ = {isa = PBXFileReference; explicitFileType = wrapper.application; includeInIndex = 0; path = WatchOSExample.app; sourceTree = BUILT_PRODUCTS_DIR; };
		226493B42F8D093900C13D12 /* WatchOSExample Watch App.app */ = {isa = PBXFileReference; explicitFileType = wrapper.application; includeInIndex = 0; path = "WatchOSExample Watch App.app"; sourceTree = BUILT_PRODUCTS_DIR; };
		226493C32F8D093A00C13D12 /* WatchOSExample Watch AppTests.xctest */ = {isa = PBXFileReference; explicitFileType = wrapper.cfbundle; includeInIndex = 0; path = "WatchOSExample Watch AppTests.xctest"; sourceTree = BUILT_PRODUCTS_DIR; };
		226493CD2F8D093A00C13D12 /* WatchOSExample Watch AppUITests.xctest */ = {isa = PBXFileReference; explicitFileType = wrapper.cfbundle; includeInIndex = 0; path = "WatchOSExample Watch AppUITests.xctest"; sourceTree = BUILT_PRODUCTS_DIR; };
		2264940B2F8D0B1100C13D12 /* idle.json */ = {isa = PBXFileReference; lastKnownFileType = text.json; path = idle.json; sourceTree = "<group>"; };
		2264940D2F8D0BD300C13D12 /* adding-guests.lottie */ = {isa = PBXFileReference; lastKnownFileType = file; path = "adding-guests.lottie"; sourceTree = "<group>"; };
		2264942D2F8D26B400C13D12 /* ExampleWatchOS.app */ = {isa = PBXFileReference; explicitFileType = wrapper.application; includeInIndex = 0; path = ExampleWatchOS.app; sourceTree = BUILT_PRODUCTS_DIR; };
		226494392F8D26B500C13D12 /* ExampleWatchOSTests.xctest */ = {isa = PBXFileReference; explicitFileType = wrapper.cfbundle; includeInIndex = 0; path = ExampleWatchOSTests.xctest; sourceTree = BUILT_PRODUCTS_DIR; };
		226494432F8D26B500C13D12 /* ExampleWatchOSUITests.xctest */ = {isa = PBXFileReference; explicitFileType = wrapper.cfbundle; includeInIndex = 0; path = ExampleWatchOSUITests.xctest; sourceTree = BUILT_PRODUCTS_DIR; };
		2264945B2F8D28FA00C13D12 /* star_rating.lottie */ = {isa = PBXFileReference; lastKnownFileType = file; path = star_rating.lottie; sourceTree = "<group>"; };
		2282ABFC2F8E72C100631ABC /* workout.lottie */ = {isa = PBXFileReference; lastKnownFileType = file; path = workout.lottie; sourceTree = "<group>"; };
		2282AC022F8E789E00631ABC /* radial.lottie */ = {isa = PBXFileReference; lastKnownFileType = file; path = radial.lottie; sourceTree = "<group>"; };
/* End PBXFileReference section */

/* Begin PBXFileSystemSynchronizedRootGroup section */
		226493B82F8D093900C13D12 /* WatchOSExample Watch App */ = {
			isa = PBXFileSystemSynchronizedRootGroup;
			path = "WatchOSExample Watch App";
			sourceTree = "<group>";
		};
		226493C62F8D093A00C13D12 /* WatchOSExample Watch AppTests */ = {
			isa = PBXFileSystemSynchronizedRootGroup;
			path = "WatchOSExample Watch AppTests";
			sourceTree = "<group>";
		};
		226493D02F8D093A00C13D12 /* WatchOSExample Watch AppUITests */ = {
			isa = PBXFileSystemSynchronizedRootGroup;
			path = "WatchOSExample Watch AppUITests";
			sourceTree = "<group>";
		};
/* End PBXFileSystemSynchronizedRootGroup section */

/* Begin PBXFrameworksBuildPhase section */
		226493B12F8D093900C13D12 /* Frameworks */ = {
			isa = PBXFrameworksBuildPhase;
			buildActionMask = 2147483647;
			files = (
				226493FE2F8D0A1900C13D12 /* DotLottie in Frameworks */,
			);
			runOnlyForDeploymentPostprocessing = 0;
		};
		226493C02F8D093A00C13D12 /* Frameworks */ = {
			isa = PBXFrameworksBuildPhase;
			buildActionMask = 2147483647;
			files = (
			);
			runOnlyForDeploymentPostprocessing = 0;
		};
		226493CA2F8D093A00C13D12 /* Frameworks */ = {
			isa = PBXFrameworksBuildPhase;
			buildActionMask = 2147483647;
			files = (
			);
			runOnlyForDeploymentPostprocessing = 0;
		};
		2264942A2F8D26B400C13D12 /* Frameworks */ = {
			isa = PBXFrameworksBuildPhase;
			buildActionMask = 2147483647;
			files = (
				226494582F8D271B00C13D12 /* DotLottie in Frameworks */,
			);
			runOnlyForDeploymentPostprocessing = 0;
		};
		226494362F8D26B500C13D12 /* Frameworks */ = {
			isa = PBXFrameworksBuildPhase;
			buildActionMask = 2147483647;
			files = (
			);
			runOnlyForDeploymentPostprocessing = 0;
		};
		226494402F8D26B500C13D12 /* Frameworks */ = {
			isa = PBXFrameworksBuildPhase;
			buildActionMask = 2147483647;
			files = (
				226494562F8D26F000C13D12 /* DotLottie in Frameworks */,
			);
			runOnlyForDeploymentPostprocessing = 0;
		};
/* End PBXFrameworksBuildPhase section */

/* Begin PBXGroup section */
		226493A72F8D093900C13D12 = {
			isa = PBXGroup;
			children = (
				226493B82F8D093900C13D12 /* WatchOSExample Watch App */,
				226493C62F8D093A00C13D12 /* WatchOSExample Watch AppTests */,
				226493D02F8D093A00C13D12 /* WatchOSExample Watch AppUITests */,
				226493AF2F8D093900C13D12 /* Products */,
				2264940B2F8D0B1100C13D12 /* idle.json */,
				2264940D2F8D0BD300C13D12 /* adding-guests.lottie */,
				226494542F8D26F000C13D12 /* Frameworks */,
				2264945B2F8D28FA00C13D12 /* star_rating.lottie */,
				2282ABFC2F8E72C100631ABC /* workout.lottie */,
				2282AC022F8E789E00631ABC /* radial.lottie */,
			);
			sourceTree = "<group>";
		};
		226493AF2F8D093900C13D12 /* Products */ = {
			isa = PBXGroup;
			children = (
				226493AE2F8D093900C13D12 /* WatchOSExample.app */,
				226493B42F8D093900C13D12 /* WatchOSExample Watch App.app */,
				226493C32F8D093A00C13D12 /* WatchOSExample Watch AppTests.xctest */,
				226493CD2F8D093A00C13D12 /* WatchOSExample Watch AppUITests.xctest */,
				2264942D2F8D26B400C13D12 /* ExampleWatchOS.app */,
				226494392F8D26B500C13D12 /* ExampleWatchOSTests.xctest */,
				226494432F8D26B500C13D12 /* ExampleWatchOSUITests.xctest */,
			);
			name = Products;
			sourceTree = "<group>";
		};
		226494542F8D26F000C13D12 /* Frameworks */ = {
			isa = PBXGroup;
			children = (
			);
			name = Frameworks;
			sourceTree = "<group>";
		};
/* End PBXGroup section */

/* Begin PBXNativeTarget section */
		226493AD2F8D093900C13D12 /* WatchOSExample */ = {
			isa = PBXNativeTarget;
			buildConfigurationList = 226493DB2F8D093A00C13D12 /* Build configuration list for PBXNativeTarget "WatchOSExample" */;
			buildPhases = (
				226493AC2F8D093900C13D12 /* Resources */,
				226493DA2F8D093A00C13D12 /* Embed Watch Content */,
			);
			buildRules = (
			);
			dependencies = (
				226493B72F8D093900C13D12 /* PBXTargetDependency */,
			);
			name = WatchOSExample;
			packageProductDependencies = (
			);
			productName = WatchOSExample;
			productReference = 226493AE2F8D093900C13D12 /* WatchOSExample.app */;
			productType = "com.apple.product-type.application.watchapp2-container";
		};
		226493B32F8D093900C13D12 /* WatchOSExample Watch App */ = {
			isa = PBXNativeTarget;
			buildConfigurationList = 226493D72F8D093A00C13D12 /* Build configuration list for PBXNativeTarget "WatchOSExample Watch App" */;
			buildPhases = (
				226493B02F8D093900C13D12 /* Sources */,
				226493B12F8D093900C13D12 /* Frameworks */,
				226493B22F8D093900C13D12 /* Resources */,
			);
			buildRules = (
			);
			dependencies = (
			);
			fileSystemSynchronizedGroups = (
				226493B82F8D093900C13D12 /* WatchOSExample Watch App */,
			);
			name = "WatchOSExample Watch App";
			packageProductDependencies = (
				226493FD2F8D0A1900C13D12 /* DotLottie */,
			);
			productName = "WatchOSExample Watch App";
			productReference = 226493B42F8D093900C13D12 /* WatchOSExample Watch App.app */;
			productType = "com.apple.product-type.application";
		};
		226493C22F8D093A00C13D12 /* WatchOSExample Watch AppTests */ = {
			isa = PBXNativeTarget;
			buildConfigurationList = 226493DE2F8D093A00C13D12 /* Build configuration list for PBXNativeTarget "WatchOSExample Watch AppTests" */;
			buildPhases = (
				226493BF2F8D093A00C13D12 /* Sources */,
				226493C02F8D093A00C13D12 /* Frameworks */,
				226493C12F8D093A00C13D12 /* Resources */,
			);
			buildRules = (
			);
			dependencies = (
				226493C52F8D093A00C13D12 /* PBXTargetDependency */,
			);
			fileSystemSynchronizedGroups = (
				226493C62F8D093A00C13D12 /* WatchOSExample Watch AppTests */,
			);
			name = "WatchOSExample Watch AppTests";
			packageProductDependencies = (
			);
			productName = "WatchOSExample Watch AppTests";
			productReference = 226493C32F8D093A00C13D12 /* WatchOSExample Watch AppTests.xctest */;
			productType = "com.apple.product-type.bundle.unit-test";
		};
		226493CC2F8D093A00C13D12 /* WatchOSExample Watch AppUITests */ = {
			isa = PBXNativeTarget;
			buildConfigurationList = 226493E12F8D093A00C13D12 /* Build configuration list for PBXNativeTarget "WatchOSExample Watch AppUITests" */;
			buildPhases = (
				226493C92F8D093A00C13D12 /* Sources */,
				226493CA2F8D093A00C13D12 /* Frameworks */,
				226493CB2F8D093A00C13D12 /* Resources */,
			);
			buildRules = (
			);
			dependencies = (
				226493CF2F8D093A00C13D12 /* PBXTargetDependency */,
			);
			fileSystemSynchronizedGroups = (
				226493D02F8D093A00C13D12 /* WatchOSExample Watch AppUITests */,
			);
			name = "WatchOSExample Watch AppUITests";
			packageProductDependencies = (
			);
			productName = "WatchOSExample Watch AppUITests";
			productReference = 226493CD2F8D093A00C13D12 /* WatchOSExample Watch AppUITests.xctest */;
			productType = "com.apple.product-type.bundle.ui-testing";
		};
		2264942C2F8D26B400C13D12 /* ExampleWatchOS */ = {
			isa = PBXNativeTarget;
			buildConfigurationList = 2264944B2F8D26B500C13D12 /* Build configuration list for PBXNativeTarget "ExampleWatchOS" */;
			buildPhases = (
				226494292F8D26B400C13D12 /* Sources */,
				2264942A2F8D26B400C13D12 /* Frameworks */,
				2264942B2F8D26B400C13D12 /* Resources */,
			);
			buildRules = (
			);
			dependencies = (
			);
			name = ExampleWatchOS;
			packageProductDependencies = (
				226494572F8D271B00C13D12 /* DotLottie */,
			);
			productName = ExampleWatchOS;
			productReference = 2264942D2F8D26B400C13D12 /* ExampleWatchOS.app */;
			productType = "com.apple.product-type.application";
		};
		226494382F8D26B500C13D12 /* ExampleWatchOSTests */ = {
			isa = PBXNativeTarget;
			buildConfigurationList = 2264944E2F8D26B500C13D12 /* Build configuration list for PBXNativeTarget "ExampleWatchOSTests" */;
			buildPhases = (
				226494352F8D26B500C13D12 /* Sources */,
				226494362F8D26B500C13D12 /* Frameworks */,
				226494372F8D26B500C13D12 /* Resources */,
			);
			buildRules = (
			);
			dependencies = (
				2264943B2F8D26B500C13D12 /* PBXTargetDependency */,
			);
			name = ExampleWatchOSTests;
			packageProductDependencies = (
			);
			productName = ExampleWatchOSTests;
			productReference = 226494392F8D26B500C13D12 /* ExampleWatchOSTests.xctest */;
			productType = "com.apple.product-type.bundle.unit-test";
		};
		226494422F8D26B500C13D12 /* ExampleWatchOSUITests */ = {
			isa = PBXNativeTarget;
			buildConfigurationList = 226494512F8D26B500C13D12 /* Build configuration list for PBXNativeTarget "ExampleWatchOSUITests" */;
			buildPhases = (
				2264943F2F8D26B500C13D12 /* Sources */,
				226494402F8D26B500C13D12 /* Frameworks */,
				226494412F8D26B500C13D12 /* Resources */,
			);
			buildRules = (
			);
			dependencies = (
				226494452F8D26B500C13D12 /* PBXTargetDependency */,
			);
			name = ExampleWatchOSUITests;
			packageProductDependencies = (
				226494552F8D26F000C13D12 /* DotLottie */,
			);
			productName = ExampleWatchOSUITests;
			productReference = 226494432F8D26B500C13D12 /* ExampleWatchOSUITests.xctest */;
			productType = "com.apple.product-type.bundle.ui-testing";
		};
/* End PBXNativeTarget section */

/* Begin PBXProject section */
		226493A82F8D093900C13D12 /* Project object */ = {
			isa = PBXProject;
			attributes = {
				BuildIndependentTargetsInParallel = 1;
				LastSwiftUpdateCheck = 2600;
				LastUpgradeCheck = 2600;
				TargetAttributes = {
					226493AD2F8D093900C13D12 = {
						CreatedOnToolsVersion = 26.0.1;
					};
					226493B32F8D093900C13D12 = {
						CreatedOnToolsVersion = 26.0.1;
					};
					226493C22F8D093A00C13D12 = {
						CreatedOnToolsVersion = 26.0.1;
						TestTargetID = 226493B32F8D093900C13D12;
					};
					226493CC2F8D093A00C13D12 = {
						CreatedOnToolsVersion = 26.0.1;
						TestTargetID = 226493B32F8D093900C13D12;
					};
					2264942C2F8D26B400C13D12 = {
						CreatedOnToolsVersion = 26.0.1;
					};
					226494382F8D26B500C13D12 = {
						CreatedOnToolsVersion = 26.0.1;
						TestTargetID = 2264942C2F8D26B400C13D12;
					};
					226494422F8D26B500C13D12 = {
						CreatedOnToolsVersion = 26.0.1;
						TestTargetID = 2264942C2F8D26B400C13D12;
					};
				};
			};
			buildConfigurationList = 226493AB2F8D093900C13D12 /* Build configuration list for PBXProject "WatchOSExample" */;
			developmentRegion = en;
			hasScannedForEncodings = 0;
			knownRegions = (
				en,
				Base,
			);
			mainGroup = 226493A72F8D093900C13D12;
			minimizedProjectReferenceProxies = 1;
			packageReferences = (
				226493FC2F8D0A1900C13D12 /* XCLocalSwiftPackageReference "../../dotlottie-ios" */,
			);
			preferredProjectObjectVersion = 77;
			productRefGroup = 226493AF2F8D093900C13D12 /* Products */;
			projectDirPath = "";
			projectRoot = "";
			targets = (
				226493AD2F8D093900C13D12 /* WatchOSExample */,
				226493B32F8D093900C13D12 /* WatchOSExample Watch App */,
				226493C22F8D093A00C13D12 /* WatchOSExample Watch AppTests */,
				226493CC2F8D093A00C13D12 /* WatchOSExample Watch AppUITests */,
				2264942C2F8D26B400C13D12 /* ExampleWatchOS */,
				226494382F8D26B500C13D12 /* ExampleWatchOSTests */,
				226494422F8D26B500C13D12 /* ExampleWatchOSUITests */,
			);
		};
/* End PBXProject section */

/* Begin PBXResourcesBuildPhase section */
		226493AC2F8D093900C13D12 /* Resources */ = {
			isa = PBXResourcesBuildPhase;
			buildActionMask = 2147483647;
			files = (
			);
			runOnlyForDeploymentPostprocessing = 0;
		};
		226493B22F8D093900C13D12 /* Resources */ = {
			isa = PBXResourcesBuildPhase;
			buildActionMask = 2147483647;
			files = (
				2264940E2F8D0BD300C13D12 /* adding-guests.lottie in Resources */,
				2282ABFD2F8E72C100631ABC /* workout.lottie in Resources */,
				2264945D2F8D28FA00C13D12 /* star_rating.lottie in Resources */,
				2264940C2F8D0B1100C13D12 /* idle.json in Resources */,
				2282AC032F8E789E00631ABC /* radial.lottie in Resources */,
			);
			runOnlyForDeploymentPostprocessing = 0;
		};
		226493C12F8D093A00C13D12 /* Resources */ = {
			isa = PBXResourcesBuildPhase;
			buildActionMask = 2147483647;
			files = (
			);
			runOnlyForDeploymentPostprocessing = 0;
		};
		226493CB2F8D093A00C13D12 /* Resources */ = {
			isa = PBXResourcesBuildPhase;
			buildActionMask = 2147483647;
			files = (
			);
			runOnlyForDeploymentPostprocessing = 0;
		};
		2264942B2F8D26B400C13D12 /* Resources */ = {
			isa = PBXResourcesBuildPhase;
			buildActionMask = 2147483647;
			files = (
				2264945C2F8D28FA00C13D12 /* star_rating.lottie in Resources */,
			);
			runOnlyForDeploymentPostprocessing = 0;
		};
		226494372F8D26B500C13D12 /* Resources */ = {
			isa = PBXResourcesBuildPhase;
			buildActionMask = 2147483647;
			files = (
			);
			runOnlyForDeploymentPostprocessing = 0;
		};
		226494412F8D26B500C13D12 /* Resources */ = {
			isa = PBXResourcesBuildPhase;
			buildActionMask = 2147483647;
			files = (
			);
			runOnlyForDeploymentPostprocessing = 0;
		};
/* End PBXResourcesBuildPhase section */

/* Begin PBXSourcesBuildPhase section */
		226493B02F8D093900C13D12 /* Sources */ = {
			isa = PBXSourcesBuildPhase;
			buildActionMask = 2147483647;
			files = (
			);
			runOnlyForDeploymentPostprocessing = 0;
		};
		226493BF2F8D093A00C13D12 /* Sources */ = {
			isa = PBXSourcesBuildPhase;
			buildActionMask = 2147483647;
			files = (
			);
			runOnlyForDeploymentPostprocessing = 0;
		};
		226493C92F8D093A00C13D12 /* Sources */ = {
			isa = PBXSourcesBuildPhase;
			buildActionMask = 2147483647;
			files = (
			);
			runOnlyForDeploymentPostprocessing = 0;
		};
		226494292F8D26B400C13D12 /* Sources */ = {
			isa = PBXSourcesBuildPhase;
			buildActionMask = 2147483647;
			files = (
			);
			runOnlyForDeploymentPostprocessing = 0;
		};
		226494352F8D26B500C13D12 /* Sources */ = {
			isa = PBXSourcesBuildPhase;
			buildActionMask = 2147483647;
			files = (
			);
			runOnlyForDeploymentPostprocessing = 0;
		};
		2264943F2F8D26B500C13D12 /* Sources */ = {
			isa = PBXSourcesBuildPhase;
			buildActionMask = 2147483647;
			files = (
			);
			runOnlyForDeploymentPostprocessing = 0;
		};
/* End PBXSourcesBuildPhase section */

/* Begin PBXTargetDependency section */
		226493B72F8D093900C13D12 /* PBXTargetDependency */ = {
			isa = PBXTargetDependency;
			target = 226493B32F8D093900C13D12 /* WatchOSExample Watch App */;
			targetProxy = 226493B62F8D093900C13D12 /* PBXContainerItemProxy */;
		};
		226493C52F8D093A00C13D12 /* PBXTargetDependency */ = {
			isa = PBXTargetDependency;
			target = 226493B32F8D093900C13D12 /* WatchOSExample Watch App */;
			targetProxy = 226493C42F8D093A00C13D12 /* PBXContainerItemProxy */;
		};
		226493CF2F8D093A00C13D12 /* PBXTargetDependency */ = {
			isa = PBXTargetDependency;
			target = 226493B32F8D093900C13D12 /* WatchOSExample Watch App */;
			targetProxy = 226493CE2F8D093A00C13D12 /* PBXContainerItemProxy */;
		};
		2264943B2F8D26B500C13D12 /* PBXTargetDependency */ = {
			isa = PBXTargetDependency;
			target = 2264942C2F8D26B400C13D12 /* ExampleWatchOS */;
			targetProxy = 2264943A2F8D26B500C13D12 /* PBXContainerItemProxy */;
		};
		226494452F8D26B500C13D12 /* PBXTargetDependency */ = {
			isa = PBXTargetDependency;
			target = 2264942C2F8D26B400C13D12 /* ExampleWatchOS */;
			targetProxy = 226494442F8D26B500C13D12 /* PBXContainerItemProxy */;
		};
/* End PBXTargetDependency section */

/* Begin XCBuildConfiguration section */
		226493D52F8D093A00C13D12 /* Debug */ = {
			isa = XCBuildConfiguration;
			buildSettings = {
				ALWAYS_SEARCH_USER_PATHS = NO;
				ASSETCATALOG_COMPILER_GENERATE_SWIFT_ASSET_SYMBOL_EXTENSIONS = YES;
				CLANG_ANALYZER_NONNULL = YES;
				CLANG_ANALYZER_NUMBER_OBJECT_CONVERSION = YES_AGGRESSIVE;
				CLANG_CXX_LANGUAGE_STANDARD = "gnu++20";
				CLANG_ENABLE_MODULES = YES;
				CLANG_ENABLE_OBJC_ARC = YES;
				CLANG_ENABLE_OBJC_WEAK = YES;
				CLANG_WARN_BLOCK_CAPTURE_AUTORELEASING = YES;
				CLANG_WARN_BOOL_CONVERSION = YES;
				CLANG_WARN_COMMA = YES;
				CLANG_WARN_CONSTANT_CONVERSION = YES;
				CLANG_WARN_DEPRECATED_OBJC_IMPLEMENTATIONS = YES;
				CLANG_WARN_DIRECT_OBJC_ISA_USAGE = YES_ERROR;
				CLANG_WARN_DOCUMENTATION_COMMENTS = YES;
				CLANG_WARN_EMPTY_BODY = YES;
				CLANG_WARN_ENUM_CONVERSION = YES;
				CLANG_WARN_INFINITE_RECURSION = YES;
				CLANG_WARN_INT_CONVERSION = YES;
				CLANG_WARN_NON_LITERAL_NULL_CONVERSION = YES;
				CLANG_WARN_OBJC_IMPLICIT_RETAIN_SELF = YES;
				CLANG_WARN_OBJC_LITERAL_CONVERSION = YES;
				CLANG_WARN_OBJC_ROOT_CLASS = YES_ERROR;
				CLANG_WARN_QUOTED_INCLUDE_IN_FRAMEWORK_HEADER = YES;
				CLANG_WARN_RANGE_LOOP_ANALYSIS = YES;
				CLANG_WARN_STRICT_PROTOTYPES = YES;
				CLANG_WARN_SUSPICIOUS_MOVE = YES;
				CLANG_WARN_UNGUARDED_AVAILABILITY = YES_AGGRESSIVE;
				CLANG_WARN_UNREACHABLE_CODE = YES;
				CLANG_WARN__DUPLICATE_METHOD_MATCH = YES;
				COPY_PHASE_STRIP = NO;
				DEBUG_INFORMATION_FORMAT = dwarf;
				DEVELOPMENT_TEAM = VT33U5MQ8Q;
				ENABLE_STRICT_OBJC_MSGSEND = YES;
				ENABLE_TESTABILITY = YES;
				ENABLE_USER_SCRIPT_SANDBOXING = YES;
				GCC_C_LANGUAGE_STANDARD = gnu17;
				GCC_DYNAMIC_NO_PIC = NO;
				GCC_NO_COMMON_BLOCKS = YES;
				GCC_OPTIMIZATION_LEVEL = 0;
				GCC_PREPROCESSOR_DEFINITIONS = (
					"DEBUG=1",
					"$(inherited)",
				);
				GCC_WARN_64_TO_32_BIT_CONVERSION = YES;
				GCC_WARN_ABOUT_RETURN_TYPE = YES_ERROR;
				GCC_WARN_UNDECLARED_SELECTOR = YES;
				GCC_WARN_UNINITIALIZED_AUTOS = YES_AGGRESSIVE;
				GCC_WARN_UNUSED_FUNCTION = YES;
				GCC_WARN_UNUSED_VARIABLE = YES;
				LOCALIZATION_PREFERS_STRING_CATALOGS = YES;
				MTL_ENABLE_DEBUG_INFO = INCLUDE_SOURCE;
				MTL_FAST_MATH = YES;
				ONLY_ACTIVE_ARCH = YES;
				SWIFT_ACTIVE_COMPILATION_CONDITIONS = "DEBUG $(inherited)";
				SWIFT_OPTIMIZATION_LEVEL = "-Onone";
			};
			name = Debug;
		};
		226493D62F8D093A00C13D12 /* Release */ = {
			isa = XCBuildConfiguration;
			buildSettings = {
				ALWAYS_SEARCH_USER_PATHS = NO;
				ASSETCATALOG_COMPILER_GENERATE_SWIFT_ASSET_SYMBOL_EXTENSIONS = YES;
				CLANG_ANALYZER_NONNULL = YES;
				CLANG_ANALYZER_NUMBER_OBJECT_CONVERSION = YES_AGGRESSIVE;
				CLANG_CXX_LANGUAGE_STANDARD = "gnu++20";
				CLANG_ENABLE_MODULES = YES;
				CLANG_ENABLE_OBJC_ARC = YES;
				CLANG_ENABLE_OBJC_WEAK = YES;
				CLANG_WARN_BLOCK_CAPTURE_AUTORELEASING = YES;
				CLANG_WARN_BOOL_CONVERSION = YES;
				CLANG_WARN_COMMA = YES;
				CLANG_WARN_CONSTANT_CONVERSION = YES;
				CLANG_WARN_DEPRECATED_OBJC_IMPLEMENTATIONS = YES;
				CLANG_WARN_DIRECT_OBJC_ISA_USAGE = YES_ERROR;
				CLANG_WARN_DOCUMENTATION_COMMENTS = YES;
				CLANG_WARN_EMPTY_BODY = YES;
				CLANG_WARN_ENUM_CONVERSION = YES;
				CLANG_WARN_INFINITE_RECURSION = YES;
				CLANG_WARN_INT_CONVERSION = YES;
				CLANG_WARN_NON_LITERAL_NULL_CONVERSION = YES;
				CLANG_WARN_OBJC_IMPLICIT_RETAIN_SELF = YES;
				CLANG_WARN_OBJC_LITERAL_CONVERSION = YES;
				CLANG_WARN_OBJC_ROOT_CLASS = YES_ERROR;
				CLANG_WARN_QUOTED_INCLUDE_IN_FRAMEWORK_HEADER = YES;
				CLANG_WARN_RANGE_LOOP_ANALYSIS = YES;
				CLANG_WARN_STRICT_PROTOTYPES = YES;
				CLANG_WARN_SUSPICIOUS_MOVE = YES;
				CLANG_WARN_UNGUARDED_AVAILABILITY = YES_AGGRESSIVE;
				CLANG_WARN_UNREACHABLE_CODE = YES;
				CLANG_WARN__DUPLICATE_METHOD_MATCH = YES;
				COPY_PHASE_STRIP = NO;
				DEBUG_INFORMATION_FORMAT = "dwarf-with-dsym";
				DEVELOPMENT_TEAM = VT33U5MQ8Q;
				ENABLE_NS_ASSERTIONS = NO;
				ENABLE_STRICT_OBJC_MSGSEND = YES;
				ENABLE_USER_SCRIPT_SANDBOXING = YES;
				GCC_C_LANGUAGE_STANDARD = gnu17;
				GCC_NO_COMMON_BLOCKS = YES;
				GCC_WARN_64_TO_32_BIT_CONVERSION = YES;
				GCC_WARN_ABOUT_RETURN_TYPE = YES_ERROR;
				GCC_WARN_UNDECLARED_SELECTOR = YES;
				GCC_WARN_UNINITIALIZED_AUTOS = YES_AGGRESSIVE;
				GCC_WARN_UNUSED_FUNCTION = YES;
				GCC_WARN_UNUSED_VARIABLE = YES;
				LOCALIZATION_PREFERS_STRING_CATALOGS = YES;
				MTL_ENABLE_DEBUG_INFO = NO;
				MTL_FAST_MATH = YES;
				SWIFT_COMPILATION_MODE = wholemodule;
			};
			name = Release;
		};
		226493D82F8D093A00C13D12 /* Debug */ = {
			isa = XCBuildConfiguration;
			buildSettings = {
				ASSETCATALOG_COMPILER_APPICON_NAME = AppIcon;
				ASSETCATALOG_COMPILER_GLOBAL_ACCENT_COLOR_NAME = AccentColor;
				CODE_SIGN_STYLE = Automatic;
				CURRENT_PROJECT_VERSION = 1;
				DEVELOPMENT_TEAM = VT33U5MQ8Q;
				ENABLE_PREVIEWS = YES;
				GENERATE_INFOPLIST_FILE = YES;
				INFOPLIST_KEY_CFBundleDisplayName = WatchOSExample;
				INFOPLIST_KEY_UISupportedInterfaceOrientations = "UIInterfaceOrientationPortrait UIInterfaceOrientationPortraitUpsideDown";
				INFOPLIST_KEY_WKWatchOnly = YES;
				LD_RUNPATH_SEARCH_PATHS = (
					"$(inherited)",
					"@executable_path/Frameworks",
				);
				MARKETING_VERSION = 1.0;
				PRODUCT_BUNDLE_IDENTIFIER = Sam.WatchOSExample.watchkitapp;
				PRODUCT_NAME = "$(TARGET_NAME)";
				SDKROOT = watchos;
				SKIP_INSTALL = YES;
				STRING_CATALOG_GENERATE_SYMBOLS = YES;
				SWIFT_APPROACHABLE_CONCURRENCY = YES;
				SWIFT_DEFAULT_ACTOR_ISOLATION = MainActor;
				SWIFT_EMIT_LOC_STRINGS = YES;
				SWIFT_UPCOMING_FEATURE_MEMBER_IMPORT_VISIBILITY = YES;
				SWIFT_VERSION = 5.0;
				TARGETED_DEVICE_FAMILY = 4;
				WATCHOS_DEPLOYMENT_TARGET = 7;
			};
			name = Debug;
		};
		226493D92F8D093A00C13D12 /* Release */ = {
			isa = XCBuildConfiguration;
			buildSettings = {
				ASSETCATALOG_COMPILER_APPICON_NAME = AppIcon;
				ASSETCATALOG_COMPILER_GLOBAL_ACCENT_COLOR_NAME = AccentColor;
				CODE_SIGN_STYLE = Automatic;
				CURRENT_PROJECT_VERSION = 1;
				DEVELOPMENT_TEAM = VT33U5MQ8Q;
				ENABLE_PREVIEWS = YES;
				GENERATE_INFOPLIST_FILE = YES;
				INFOPLIST_KEY_CFBundleDisplayName = WatchOSExample;
				INFOPLIST_KEY_UISupportedInterfaceOrientations = "UIInterfaceOrientationPortrait UIInterfaceOrientationPortraitUpsideDown";
				INFOPLIST_KEY_WKWatchOnly = YES;
				LD_RUNPATH_SEARCH_PATHS = (
					"$(inherited)",
					"@executable_path/Frameworks",
				);
				MARKETING_VERSION = 1.0;
				PRODUCT_BUNDLE_IDENTIFIER = Sam.WatchOSExample.watchkitapp;
				PRODUCT_NAME = "$(TARGET_NAME)";
				SDKROOT = watchos;
				SKIP_INSTALL = YES;
				STRING_CATALOG_GENERATE_SYMBOLS = YES;
				SWIFT_APPROACHABLE_CONCURRENCY = YES;
				SWIFT_DEFAULT_ACTOR_ISOLATION = MainActor;
				SWIFT_EMIT_LOC_STRINGS = YES;
				SWIFT_UPCOMING_FEATURE_MEMBER_IMPORT_VISIBILITY = YES;
				SWIFT_VERSION = 5.0;
				TARGETED_DEVICE_FAMILY = 4;
				VALIDATE_PRODUCT = YES;
				WATCHOS_DEPLOYMENT_TARGET = 7;
			};
			name = Release;
		};
		226493DC2F8D093A00C13D12 /* Debug */ = {
			isa = XCBuildConfiguration;
			buildSettings = {
				CODE_SIGN_STYLE = Automatic;
				CURRENT_PROJECT_VERSION = 1;
				DEVELOPMENT_TEAM = VT33U5MQ8Q;
				INFOPLIST_KEY_CFBundleDisplayName = WatchOSExample;
				MARKETING_VERSION = 1.0;
				PRODUCT_BUNDLE_IDENTIFIER = Sam.WatchOSExample;
				PRODUCT_NAME = "$(TARGET_NAME)";
				SDKROOT = iphoneos;
				SWIFT_APPROACHABLE_CONCURRENCY = YES;
				SWIFT_UPCOMING_FEATURE_MEMBER_IMPORT_VISIBILITY = YES;
				SWIFT_VERSION = 5.0;
			};
			name = Debug;
		};
		226493DD2F8D093A00C13D12 /* Release */ = {
			isa = XCBuildConfiguration;
			buildSettings = {
				CODE_SIGN_STYLE = Automatic;
				CURRENT_PROJECT_VERSION = 1;
				DEVELOPMENT_TEAM = VT33U5MQ8Q;
				INFOPLIST_KEY_CFBundleDisplayName = WatchOSExample;
				MARKETING_VERSION = 1.0;
				PRODUCT_BUNDLE_IDENTIFIER = Sam.WatchOSExample;
				PRODUCT_NAME = "$(TARGET_NAME)";
				SDKROOT = iphoneos;
				SWIFT_APPROACHABLE_CONCURRENCY = YES;
				SWIFT_UPCOMING_FEATURE_MEMBER_IMPORT_VISIBILITY = YES;
				SWIFT_VERSION = 5.0;
				VALIDATE_PRODUCT = YES;
			};
			name = Release;
		};
		226493DF2F8D093A00C13D12 /* Debug */ = {
			isa = XCBuildConfiguration;
			buildSettings = {
				BUNDLE_LOADER = "$(TEST_HOST)";
				CODE_SIGN_STYLE = Automatic;
				CURRENT_PROJECT_VERSION = 1;
				DEVELOPMENT_TEAM = VT33U5MQ8Q;
				GENERATE_INFOPLIST_FILE = YES;
				MARKETING_VERSION = 1.0;
				PRODUCT_BUNDLE_IDENTIFIER = "Sam.WatchOSExample-Watch-AppTests";
				PRODUCT_NAME = "$(TARGET_NAME)";
				SDKROOT = watchos;
				STRING_CATALOG_GENERATE_SYMBOLS = NO;
				SWIFT_APPROACHABLE_CONCURRENCY = YES;
				SWIFT_EMIT_LOC_STRINGS = NO;
				SWIFT_UPCOMING_FEATURE_MEMBER_IMPORT_VISIBILITY = YES;
				SWIFT_VERSION = 5.0;
				TARGETED_DEVICE_FAMILY = 4;
				TEST_HOST = "$(BUILT_PRODUCTS_DIR)/WatchOSExample Watch App.app/$(BUNDLE_EXECUTABLE_FOLDER_PATH)/WatchOSExample Watch App";
				WATCHOS_DEPLOYMENT_TARGET = 26.0;
			};
			name = Debug;
		};
		226493E02F8D093A00C13D12 /* Release */ = {
			isa = XCBuildConfiguration;
			buildSettings = {
				BUNDLE_LOADER = "$(TEST_HOST)";
				CODE_SIGN_STYLE = Automatic;
				CURRENT_PROJECT_VERSION = 1;
				DEVELOPMENT_TEAM = VT33U5MQ8Q;
				GENERATE_INFOPLIST_FILE = YES;
				MARKETING_VERSION = 1.0;
				PRODUCT_BUNDLE_IDENTIFIER = "Sam.WatchOSExample-Watch-AppTests";
				PRODUCT_NAME = "$(TARGET_NAME)";
				SDKROOT = watchos;
				STRING_CATALOG_GENERATE_SYMBOLS = NO;
				SWIFT_APPROACHABLE_CONCURRENCY = YES;
				SWIFT_EMIT_LOC_STRINGS = NO;
				SWIFT_UPCOMING_FEATURE_MEMBER_IMPORT_VISIBILITY = YES;
				SWIFT_VERSION = 5.0;
				TARGETED_DEVICE_FAMILY = 4;
				TEST_HOST = "$(BUILT_PRODUCTS_DIR)/WatchOSExample Watch App.app/$(BUNDLE_EXECUTABLE_FOLDER_PATH)/WatchOSExample Watch App";
				VALIDATE_PRODUCT = YES;
				WATCHOS_DEPLOYMENT_TARGET = 26.0;
			};
			name = Release;
		};
		226493E22F8D093A00C13D12 /* Debug */ = {
			isa = XCBuildConfiguration;
			buildSettings = {
				CODE_SIGN_STYLE = Automatic;
				CURRENT_PROJECT_VERSION = 1;
				DEVELOPMENT_TEAM = VT33U5MQ8Q;
				GENERATE_INFOPLIST_FILE = YES;
				MARKETING_VERSION = 1.0;
				PRODUCT_BUNDLE_IDENTIFIER = "Sam.WatchOSExample-Watch-AppUITests";
				PRODUCT_NAME = "$(TARGET_NAME)";
				SDKROOT = watchos;
				STRING_CATALOG_GENERATE_SYMBOLS = NO;
				SWIFT_APPROACHABLE_CONCURRENCY = YES;
				SWIFT_EMIT_LOC_STRINGS = NO;
				SWIFT_UPCOMING_FEATURE_MEMBER_IMPORT_VISIBILITY = YES;
				SWIFT_VERSION = 5.0;
				TARGETED_DEVICE_FAMILY = 4;
				TEST_TARGET_NAME = "WatchOSExample Watch App";
				WATCHOS_DEPLOYMENT_TARGET = 26.0;
			};
			name = Debug;
		};
		226493E32F8D093A00C13D12 /* Release */ = {
			isa = XCBuildConfiguration;
			buildSettings = {
				CODE_SIGN_STYLE = Automatic;
				CURRENT_PROJECT_VERSION = 1;
				DEVELOPMENT_TEAM = VT33U5MQ8Q;
				GENERATE_INFOPLIST_FILE = YES;
				MARKETING_VERSION = 1.0;
				PRODUCT_BUNDLE_IDENTIFIER = "Sam.WatchOSExample-Watch-AppUITests";
				PRODUCT_NAME = "$(TARGET_NAME)";
				SDKROOT = watchos;
				STRING_CATALOG_GENERATE_SYMBOLS = NO;
				SWIFT_APPROACHABLE_CONCURRENCY = YES;
				SWIFT_EMIT_LOC_STRINGS = NO;
				SWIFT_UPCOMING_FEATURE_MEMBER_IMPORT_VISIBILITY = YES;
				SWIFT_VERSION = 5.0;
				TARGETED_DEVICE_FAMILY = 4;
				TEST_TARGET_NAME = "WatchOSExample Watch App";
				VALIDATE_PRODUCT = YES;
				WATCHOS_DEPLOYMENT_TARGET = 26.0;
			};
			name = Release;
		};
		2264944C2F8D26B500C13D12 /* Debug */ = {
			isa = XCBuildConfiguration;
			buildSettings = {
				ASSETCATALOG_COMPILER_APPICON_NAME = AppIcon;
				ASSETCATALOG_COMPILER_GLOBAL_ACCENT_COLOR_NAME = AccentColor;
				"CODE_SIGN_IDENTITY[sdk=macosx*]" = "Apple Development";
				CODE_SIGN_STYLE = Automatic;
				COMBINE_HIDPI_IMAGES = YES;
				CURRENT_PROJECT_VERSION = 1;
				DEVELOPMENT_TEAM = UM7L666YM5;
				ENABLE_APP_SANDBOX = YES;
				ENABLE_HARDENED_RUNTIME = YES;
				ENABLE_PREVIEWS = YES;
				ENABLE_USER_SELECTED_FILES = readonly;
				GENERATE_INFOPLIST_FILE = YES;
				INFOPLIST_KEY_NSHumanReadableCopyright = "";
				LD_RUNPATH_SEARCH_PATHS = (
					"$(inherited)",
					"@executable_path/../Frameworks",
				);
				MACOSX_DEPLOYMENT_TARGET = 26.0;
				MARKETING_VERSION = 1.0;
				PRODUCT_BUNDLE_IDENTIFIER = Sam.ExampleWatchOS;
				PRODUCT_NAME = "$(TARGET_NAME)";
				REGISTER_APP_GROUPS = YES;
				SDKROOT = macosx;
				STRING_CATALOG_GENERATE_SYMBOLS = YES;
				SWIFT_APPROACHABLE_CONCURRENCY = YES;
				SWIFT_DEFAULT_ACTOR_ISOLATION = MainActor;
				SWIFT_EMIT_LOC_STRINGS = YES;
				SWIFT_UPCOMING_FEATURE_MEMBER_IMPORT_VISIBILITY = YES;
				SWIFT_VERSION = 5.0;
			};
			name = Debug;
		};
		2264944D2F8D26B500C13D12 /* Release */ = {
			isa = XCBuildConfiguration;
			buildSettings = {
				ASSETCATALOG_COMPILER_APPICON_NAME = AppIcon;
				ASSETCATALOG_COMPILER_GLOBAL_ACCENT_COLOR_NAME = AccentColor;
				"CODE_SIGN_IDENTITY[sdk=macosx*]" = "Apple Development";
				CODE_SIGN_STYLE = Automatic;
				COMBINE_HIDPI_IMAGES = YES;
				CURRENT_PROJECT_VERSION = 1;
				DEVELOPMENT_TEAM = UM7L666YM5;
				ENABLE_APP_SANDBOX = YES;
				ENABLE_HARDENED_RUNTIME = YES;
				ENABLE_PREVIEWS = YES;
				ENABLE_USER_SELECTED_FILES = readonly;
				GENERATE_INFOPLIST_FILE = YES;
				INFOPLIST_KEY_NSHumanReadableCopyright = "";
				LD_RUNPATH_SEARCH_PATHS = (
					"$(inherited)",
					"@executable_path/../Frameworks",
				);
				MACOSX_DEPLOYMENT_TARGET = 26.0;
				MARKETING_VERSION = 1.0;
				PRODUCT_BUNDLE_IDENTIFIER = Sam.ExampleWatchOS;
				PRODUCT_NAME = "$(TARGET_NAME)";
				REGISTER_APP_GROUPS = YES;
				SDKROOT = macosx;
				STRING_CATALOG_GENERATE_SYMBOLS = YES;
				SWIFT_APPROACHABLE_CONCURRENCY = YES;
				SWIFT_DEFAULT_ACTOR_ISOLATION = MainActor;
				SWIFT_EMIT_LOC_STRINGS = YES;
				SWIFT_UPCOMING_FEATURE_MEMBER_IMPORT_VISIBILITY = YES;
				SWIFT_VERSION = 5.0;
			};
			name = Release;
		};
		2264944F2F8D26B500C13D12 /* Debug */ = {
			isa = XCBuildConfiguration;
			buildSettings = {
				BUNDLE_LOADER = "$(TEST_HOST)";
				CODE_SIGN_STYLE = Automatic;
				CURRENT_PROJECT_VERSION = 1;
				DEVELOPMENT_TEAM = VT33U5MQ8Q;
				GENERATE_INFOPLIST_FILE = YES;
				MACOSX_DEPLOYMENT_TARGET = 26.0;
				MARKETING_VERSION = 1.0;
				PRODUCT_BUNDLE_IDENTIFIER = Sam.ExampleWatchOSTests;
				PRODUCT_NAME = "$(TARGET_NAME)";
				SDKROOT = macosx;
				STRING_CATALOG_GENERATE_SYMBOLS = NO;
				SWIFT_APPROACHABLE_CONCURRENCY = YES;
				SWIFT_EMIT_LOC_STRINGS = NO;
				SWIFT_UPCOMING_FEATURE_MEMBER_IMPORT_VISIBILITY = YES;
				SWIFT_VERSION = 5.0;
				TEST_HOST = "$(BUILT_PRODUCTS_DIR)/ExampleWatchOS.app/$(BUNDLE_EXECUTABLE_FOLDER_PATH)/ExampleWatchOS";
			};
			name = Debug;
		};
		226494502F8D26B500C13D12 /* Release */ = {
			isa = XCBuildConfiguration;
			buildSettings = {
				BUNDLE_LOADER = "$(TEST_HOST)";
				CODE_SIGN_STYLE = Automatic;
				CURRENT_PROJECT_VERSION = 1;
				DEVELOPMENT_TEAM = VT33U5MQ8Q;
				GENERATE_INFOPLIST_FILE = YES;
				MACOSX_DEPLOYMENT_TARGET = 26.0;
				MARKETING_VERSION = 1.0;
				PRODUCT_BUNDLE_IDENTIFIER = Sam.ExampleWatchOSTests;
				PRODUCT_NAME = "$(TARGET_NAME)";
				SDKROOT = macosx;
				STRING_CATALOG_GENERATE_SYMBOLS = NO;
				SWIFT_APPROACHABLE_CONCURRENCY = YES;
				SWIFT_EMIT_LOC_STRINGS = NO;
				SWIFT_UPCOMING_FEATURE_MEMBER_IMPORT_VISIBILITY = YES;
				SWIFT_VERSION = 5.0;
				TEST_HOST = "$(BUILT_PRODUCTS_DIR)/ExampleWatchOS.app/$(BUNDLE_EXECUTABLE_FOLDER_PATH)/ExampleWatchOS";
			};
			name = Release;
		};
		226494522F8D26B500C13D12 /* Debug */ = {
			isa = XCBuildConfiguration;
			buildSettings = {
				CODE_SIGN_STYLE = Automatic;
				CURRENT_PROJECT_VERSION = 1;
				DEVELOPMENT_TEAM = VT33U5MQ8Q;
				GENERATE_INFOPLIST_FILE = YES;
				MACOSX_DEPLOYMENT_TARGET = 26.0;
				MARKETING_VERSION = 1.0;
				PRODUCT_BUNDLE_IDENTIFIER = Sam.ExampleWatchOSUITests;
				PRODUCT_NAME = "$(TARGET_NAME)";
				SDKROOT = macosx;
				STRING_CATALOG_GENERATE_SYMBOLS = NO;
				SWIFT_APPROACHABLE_CONCURRENCY = YES;
				SWIFT_EMIT_LOC_STRINGS = NO;
				SWIFT_UPCOMING_FEATURE_MEMBER_IMPORT_VISIBILITY = YES;
				SWIFT_VERSION = 5.0;
				TEST_TARGET_NAME = ExampleWatchOS;
			};
			name = Debug;
		};
		226494532F8D26B500C13D12 /* Release */ = {
			isa = XCBuildConfiguration;
			buildSettings = {
				CODE_SIGN_STYLE = Automatic;
				CURRENT_PROJECT_VERSION = 1;
				DEVELOPMENT_TEAM = VT33U5MQ8Q;
				GENERATE_INFOPLIST_FILE = YES;
				MACOSX_DEPLOYMENT_TARGET = 26.0;
				MARKETING_VERSION = 1.0;
				PRODUCT_BUNDLE_IDENTIFIER = Sam.ExampleWatchOSUITests;
				PRODUCT_NAME = "$(TARGET_NAME)";
				SDKROOT = macosx;
				STRING_CATALOG_GENERATE_SYMBOLS = NO;
				SWIFT_APPROACHABLE_CONCURRENCY = YES;
				SWIFT_EMIT_LOC_STRINGS = NO;
				SWIFT_UPCOMING_FEATURE_MEMBER_IMPORT_VISIBILITY = YES;
				SWIFT_VERSION = 5.0;
				TEST_TARGET_NAME = ExampleWatchOS;
			};
			name = Release;
		};
/* End XCBuildConfiguration section */

/* Begin XCConfigurationList section */
		226493AB2F8D093900C13D12 /* Build configuration list for PBXProject "WatchOSExample" */ = {
			isa = XCConfigurationList;
			buildConfigurations = (
				226493D52F8D093A00C13D12 /* Debug */,
				226493D62F8D093A00C13D12 /* Release */,
			);
			defaultConfigurationIsVisible = 0;
			defaultConfigurationName = Release;
		};
		226493D72F8D093A00C13D12 /* Build configuration list for PBXNativeTarget "WatchOSExample Watch App" */ = {
			isa = XCConfigurationList;
			buildConfigurations = (
				226493D82F8D093A00C13D12 /* Debug */,
				226493D92F8D093A00C13D12 /* Release */,
			);
			defaultConfigurationIsVisible = 0;
			defaultConfigurationName = Release;
		};
		226493DB2F8D093A00C13D12 /* Build configuration list for PBXNativeTarget "WatchOSExample" */ = {
			isa = XCConfigurationList;
			buildConfigurations = (
				226493DC2F8D093A00C13D12 /* Debug */,
				226493DD2F8D093A00C13D12 /* Release */,
			);
			defaultConfigurationIsVisible = 0;
			defaultConfigurationName = Release;
		};
		226493DE2F8D093A00C13D12 /* Build configuration list for PBXNativeTarget "WatchOSExample Watch AppTests" */ = {
			isa = XCConfigurationList;
			buildConfigurations = (
				226493DF2F8D093A00C13D12 /* Debug */,
				226493E02F8D093A00C13D12 /* Release */,
			);
			defaultConfigurationIsVisible = 0;
			defaultConfigurationName = Release;
		};
		226493E12F8D093A00C13D12 /* Build configuration list for PBXNativeTarget "WatchOSExample Watch AppUITests" */ = {
			isa = XCConfigurationList;
			buildConfigurations = (
				226493E22F8D093A00C13D12 /* Debug */,
				226493E32F8D093A00C13D12 /* Release */,
			);
			defaultConfigurationIsVisible = 0;
			defaultConfigurationName = Release;
		};
		2264944B2F8D26B500C13D12 /* Build configuration list for PBXNativeTarget "ExampleWatchOS" */ = {
			isa = XCConfigurationList;
			buildConfigurations = (
				2264944C2F8D26B500C13D12 /* Debug */,
				2264944D2F8D26B500C13D12 /* Release */,
			);
			defaultConfigurationIsVisible = 0;
			defaultConfigurationName = Release;
		};
		2264944E2F8D26B500C13D12 /* Build configuration list for PBXNativeTarget "ExampleWatchOSTests" */ = {
			isa = XCConfigurationList;
			buildConfigurations = (
				2264944F2F8D26B500C13D12 /* Debug */,
				226494502F8D26B500C13D12 /* Release */,
			);
			defaultConfigurationIsVisible = 0;
			defaultConfigurationName = Release;
		};
		226494512F8D26B500C13D12 /* Build configuration list for PBXNativeTarget "ExampleWatchOSUITests" */ = {
			isa = XCConfigurationList;
			buildConfigurations = (
				226494522F8D26B500C13D12 /* Debug */,
				226494532F8D26B500C13D12 /* Release */,
			);
			defaultConfigurationIsVisible = 0;
			defaultConfigurationName = Release;
		};
/* End XCConfigurationList section */

/* Begin XCLocalSwiftPackageReference section */
		226493FC2F8D0A1900C13D12 /* XCLocalSwiftPackageReference "../../dotlottie-ios" */ = {
			isa = XCLocalSwiftPackageReference;
			relativePath = "../../dotlottie-ios";
		};
/* End XCLocalSwiftPackageReference section */

/* Begin XCSwiftPackageProductDependency section */
		226493FD2F8D0A1900C13D12 /* DotLottie */ = {
			isa = XCSwiftPackageProductDependency;
			productName = DotLottie;
		};
		226494552F8D26F000C13D12 /* DotLottie */ = {
			isa = XCSwiftPackageProductDependency;
			package = 226493FC2F8D0A1900C13D12 /* XCLocalSwiftPackageReference "../../dotlottie-ios" */;
			productName = DotLottie;
		};
		226494572F8D271B00C13D12 /* DotLottie */ = {
			isa = XCSwiftPackageProductDependency;
			package = 226493FC2F8D0A1900C13D12 /* XCLocalSwiftPackageReference "../../dotlottie-ios" */;
			productName = DotLottie;
		};
/* End XCSwiftPackageProductDependency section */
	};
	rootObject = 226493A82F8D093900C13D12 /* Project object */;
}
